<?xml version="1.0" encoding="utf-8"?>
<Project ToolsVersion="4.0" xmlns="http://schemas.microsoft.com/developer/msbuild/2003">
  <ItemGroup>
    <Filter Include="Source Files">
      <UniqueIdentifier>{4FC737F1-C7A5-4376-A066-2A32D752A2FF}</UniqueIdentifier>
      <Extensions>cpp;c;cc;cxx;def;odl;idl;hpj;bat;asm;asmx</Extensions>
    </Filter>
    <Filter Include="Header Files">
      <UniqueIdentifier>{93995380-89BD-4b04-88EB-625FBE52EBFB}</UniqueIdentifier>
      <Extensions>h;hh;hpp;hxx;hm;inl;inc;ipp;xsd</Extensions>
    </Filter>
    <Filter Include="Resource Files">
      <UniqueIdentifier>{67DA6AB6-F800-4c08-8B7A-83BB121AAD01}</UniqueIdentifier>
      <Extensions>rc;ico;cur;bmp;dlg;rc2;rct;bin;rgs;gif;jpg;jpeg;jpe;resx;tiff;tif;png;wav;mfcribbon-ms</Extensions>
    </Filter>
    <Filter Include="Source Files\GameObject">
      <UniqueIdentifier>{4eea8511-5af0-4e04-aac3-bfbea33d3a5b}</UniqueIdentifier>
    </Filter>
    <Filter Include="Source Files\GameObject\Entity">
      <UniqueIdentifier>{4a198c86-7408-4970-b4e2-f386ae8b96ff}</UniqueIdentifier>
    </Filter>
    <Filter Include="Header Files\GameObject">
      <UniqueIdentifier>{fb2da7c4-7b74-4ed2-8edb-00bc273a6f82}</UniqueIdentifier>
    </Filter>
    <Filter Include="Header Files\GameObject\Entity">
      <UniqueIdentifier>{6f783af5-f4b5-4946-bf03-d6fc61b06281}</UniqueIdentifier>
    </Filter>
    <Filter Include="Source Files\GameObject\Collider">
      <UniqueIdentifier>{4163a272-9d5b-4e14-bab1-52a261bdfcc2}</UniqueIdentifier>
    </Filter>
    <Filter Include="Header Files\GameObject\Collider">
      <UniqueIdentifier>{0b81b57f-dc66-483c-87e3-07b782d9a2d9}</UniqueIdentifier>
    </Filter>
  </ItemGroup>
  <ItemGroup>
    <ClCompile Include="main.cpp">
      <Filter>Source Files</Filter>
    </ClCompile>
    <ClCompile Include="Game.cpp">
      <Filter>Source Files</Filter>
    </ClCompile>
    <ClCompile Include="Settings.cpp">
      <Filter>Source Files</Filter>
    </ClCompile>
    <ClCompile Include="Coin.cpp">
      <Filter>Source Files\GameObject\Entity</Filter>
    </ClCompile>
    <ClCompile Include="Entity.cpp">
      <Filter>Source Files\GameObject\Entity</Filter>
    </ClCompile>
    <ClCompile Include="Player.cpp">
      <Filter>Source Files\GameObject\Entity</Filter>
    </ClCompile>
    <ClCompile Include="GameObject.cpp">
      <Filter>Source Files\GameObject</Filter>
    </ClCompile>
    <ClCompile Include="Bullet.cpp">
      <Filter>Source Files\GameObject\Entity</Filter>
    </ClCompile>
    <ClCompile Include="Collider.cpp">
      <Filter>Source Files\GameObject\Collider</Filter>
    </ClCompile>
    <ClCompile Include="BoxCollider.cpp">
      <Filter>Source Files\GameObject\Collider</Filter>
    </ClCompile>
  </ItemGroup>
  <ItemGroup>
    <ClInclude Include="Game.hpp">
      <Filter>Header Files</Filter>
    </ClInclude>
    <ClInclude Include="Settings.hpp">
      <Filter>Header Files</Filter>
    </ClInclude>
    <ClInclude Include="GameObject.hpp">
      <Filter>Header Files\GameObject</Filter>
    </ClInclude>
    <ClInclude Include="Coin.hpp">
      <Filter>Header Files\GameObject\Entity</Filter>
    </ClInclude>
    <ClInclude Include="Entity.hpp">
      <Filter>Header Files\GameObject\Entity</Filter>
    </ClInclude>
    <ClInclude Include="Bullet.hpp">
      <Filter>Header Files\GameObject\Entity</Filter>
    </ClInclude>
    <ClInclude Include="Player.hpp">
      <Filter>Header Files\GameObject\Entity</Filter>
    </ClInclude>
    <ClInclude Include="Collider.hpp">
      <Filter>Header Files\GameObject\Collider</Filter>
    </ClInclude>
    <ClInclude Include="BoxCollider.hpp">
      <Filter>Header Files\GameObject\Collider</Filter>
    </ClInclude>
  </ItemGroup>
  <ItemGroup>
    <Text Include="ThingsToDo.txt" />
  </ItemGroup>
</Project>